// !$*UTF8*$!
{
	archiveVersion = 1;
	classes = {
	};
	objectVersion = 48;
	objects = {

/* Begin PBXBuildFile section */
		53DE0EED1FD221A300D5027A /* game_engine.cpp in Sources */ = {isa = PBXBuildFile; fileRef = 53DE0EEC1FD221A300D5027A /* game_engine.cpp */; };
		6793361B1FAF98A700DA1B5E /* main.cpp in Sources */ = {isa = PBXBuildFile; fileRef = 6793361A1FAF98A700DA1B5E /* main.cpp */; };
		679336301FAF9CE400DA1B5E /* monster.cpp in Sources */ = {isa = PBXBuildFile; fileRef = 6793362E1FAF9CE400DA1B5E /* monster.cpp */; };
		679336331FAF9D0A00DA1B5E /* player.cpp in Sources */ = {isa = PBXBuildFile; fileRef = 679336311FAF9D0A00DA1B5E /* player.cpp */; };
		679336421FAF9E2200DA1B5E /* challenge.cpp in Sources */ = {isa = PBXBuildFile; fileRef = 679336401FAF9E2200DA1B5E /* challenge.cpp */; };
		679336451FAF9E5300DA1B5E /* entity.cpp in Sources */ = {isa = PBXBuildFile; fileRef = 679336431FAF9E5300DA1B5E /* entity.cpp */; };
		6793364B1FAF9E6100DA1B5E /* room.cpp in Sources */ = {isa = PBXBuildFile; fileRef = 679336491FAF9E6100DA1B5E /* room.cpp */; };
/* End PBXBuildFile section */

/* Begin PBXCopyFilesBuildPhase section */
		679336151FAF98A700DA1B5E /* CopyFiles */ = {
			isa = PBXCopyFilesBuildPhase;
			buildActionMask = 2147483647;
			dstPath = /usr/share/man/man1/;
			dstSubfolderSpec = 0;
			files = (
			);
			runOnlyForDeploymentPostprocessing = 1;
		};
/* End PBXCopyFilesBuildPhase section */

/* Begin PBXFileReference section */
		53DE0EEB1FD221A300D5027A /* game_engine.hpp */ = {isa = PBXFileReference; fileEncoding = 4; lastKnownFileType = sourcecode.cpp.h; path = game_engine.hpp; sourceTree = "<group>"; };
		53DE0EEC1FD221A300D5027A /* game_engine.cpp */ = {isa = PBXFileReference; fileEncoding = 4; lastKnownFileType = sourcecode.cpp.cpp; path = game_engine.cpp; sourceTree = "<group>"; };
		679336171FAF98A700DA1B5E /* COP3503 Project Group */ = {isa = PBXFileReference; explicitFileType = "compiled.mach-o.executable"; includeInIndex = 0; path = "COP3503 Project Group"; sourceTree = BUILT_PRODUCTS_DIR; };
		6793361A1FAF98A700DA1B5E /* main.cpp */ = {isa = PBXFileReference; lastKnownFileType = sourcecode.cpp.cpp; path = main.cpp; sourceTree = "<group>"; };
		6793362E1FAF9CE400DA1B5E /* monster.cpp */ = {isa = PBXFileReference; lastKnownFileType = sourcecode.cpp.cpp; path = monster.cpp; sourceTree = "<group>"; };
		6793362F1FAF9CE400DA1B5E /* monster.hpp */ = {isa = PBXFileReference; lastKnownFileType = sourcecode.cpp.h; path = monster.hpp; sourceTree = "<group>"; };
		679336311FAF9D0A00DA1B5E /* player.cpp */ = {isa = PBXFileReference; lastKnownFileType = sourcecode.cpp.cpp; path = player.cpp; sourceTree = "<group>"; };
		679336321FAF9D0A00DA1B5E /* player.hpp */ = {isa = PBXFileReference; lastKnownFileType = sourcecode.cpp.h; path = player.hpp; sourceTree = "<group>"; };
		679336401FAF9E2200DA1B5E /* challenge.cpp */ = {isa = PBXFileReference; lastKnownFileType = sourcecode.cpp.cpp; path = challenge.cpp; sourceTree = "<group>"; };
		679336411FAF9E2200DA1B5E /* challenge.hpp */ = {isa = PBXFileReference; lastKnownFileType = sourcecode.cpp.h; path = challenge.hpp; sourceTree = "<group>"; };
		679336431FAF9E5300DA1B5E /* entity.cpp */ = {isa = PBXFileReference; lastKnownFileType = sourcecode.cpp.cpp; path = entity.cpp; sourceTree = "<group>"; };
		679336441FAF9E5300DA1B5E /* entity.hpp */ = {isa = PBXFileReference; lastKnownFileType = sourcecode.cpp.h; path = entity.hpp; sourceTree = "<group>"; };
		679336491FAF9E6100DA1B5E /* room.cpp */ = {isa = PBXFileReference; lastKnownFileType = sourcecode.cpp.cpp; path = room.cpp; sourceTree = "<group>"; };
		6793364A1FAF9E6100DA1B5E /* room.hpp */ = {isa = PBXFileReference; lastKnownFileType = sourcecode.cpp.h; path = room.hpp; sourceTree = "<group>"; };
/* End PBXFileReference section */

/* Begin PBXFrameworksBuildPhase section */
		679336141FAF98A700DA1B5E /* Frameworks */ = {
			isa = PBXFrameworksBuildPhase;
			buildActionMask = 2147483647;
			files = (
			);
			runOnlyForDeploymentPostprocessing = 0;
		};
/* End PBXFrameworksBuildPhase section */

/* Begin PBXGroup section */
		6793360E1FAF98A700DA1B5E = {
			isa = PBXGroup;
			children = (
				679336191FAF98A700DA1B5E /* COP3503 Project Group */,
				679336181FAF98A700DA1B5E /* Products */,
			);
			sourceTree = "<group>";
		};
		679336181FAF98A700DA1B5E /* Products */ = {
			isa = PBXGroup;
			children = (
				679336171FAF98A700DA1B5E /* COP3503 Project Group */,
			);
			name = Products;
			sourceTree = "<group>";
		};
		679336191FAF98A700DA1B5E /* COP3503 Project Group */ = {
			isa = PBXGroup;
			children = (
				6793361A1FAF98A700DA1B5E /* main.cpp */,
				679336491FAF9E6100DA1B5E /* room.cpp */,
				6793364A1FAF9E6100DA1B5E /* room.hpp */,
				53DE0EEC1FD221A300D5027A /* game_engine.cpp */,
				53DE0EEB1FD221A300D5027A /* game_engine.hpp */,
				679336431FAF9E5300DA1B5E /* entity.cpp */,
				679336441FAF9E5300DA1B5E /* entity.hpp */,
				679336311FAF9D0A00DA1B5E /* player.cpp */,
				679336321FAF9D0A00DA1B5E /* player.hpp */,
				6793362E1FAF9CE400DA1B5E /* monster.cpp */,
				6793362F1FAF9CE400DA1B5E /* monster.hpp */,
				679336401FAF9E2200DA1B5E /* challenge.cpp */,
				679336411FAF9E2200DA1B5E /* challenge.hpp */,
			);
			path = "COP3503 Project Group";
			sourceTree = "<group>";
		};
/* End PBXGroup section */

/* Begin PBXNativeTarget section */
		679336161FAF98A700DA1B5E /* COP3503 Project Group */ = {
			isa = PBXNativeTarget;
			buildConfigurationList = 6793361E1FAF98A700DA1B5E /* Build configuration list for PBXNativeTarget "COP3503 Project Group" */;
			buildPhases = (
				679336131FAF98A700DA1B5E /* Sources */,
				679336141FAF98A700DA1B5E /* Frameworks */,
				679336151FAF98A700DA1B5E /* CopyFiles */,
			);
			buildRules = (
			);
			dependencies = (
			);
			name = "COP3503 Project Group";
			productName = "COP3503 Project Group";
			productReference = 679336171FAF98A700DA1B5E /* COP3503 Project Group */;
			productType = "com.apple.product-type.tool";
		};
/* End PBXNativeTarget section */

/* Begin PBXProject section */
		6793360F1FAF98A700DA1B5E /* Project object */ = {
			isa = PBXProject;
			attributes = {
				LastUpgradeCheck = 0900;
				ORGANIZATIONNAME = "Group 35";
				TargetAttributes = {
					679336161FAF98A700DA1B5E = {
						CreatedOnToolsVersion = 9.0.1;
						ProvisioningStyle = Automatic;
					};
				};
			};
			buildConfigurationList = 679336121FAF98A700DA1B5E /* Build configuration list for PBXProject "COP3503 Project Group" */;
			compatibilityVersion = "Xcode 8.0";
			developmentRegion = en;
			hasScannedForEncodings = 0;
			knownRegions = (
				en,
			);
			mainGroup = 6793360E1FAF98A700DA1B5E;
			productRefGroup = 679336181FAF98A700DA1B5E /* Products */;
			projectDirPath = "";
			projectRoot = "";
			targets = (
				679336161FAF98A700DA1B5E /* COP3503 Project Group */,
			);
		};
/* End PBXProject section */

/* Begin PBXSourcesBuildPhase section */
		679336131FAF98A700DA1B5E /* Sources */ = {
			isa = PBXSourcesBuildPhase;
			buildActionMask = 2147483647;
			files = (
				679336451FAF9E5300DA1B5E /* entity.cpp in Sources */,
				679336301FAF9CE400DA1B5E /* monster.cpp in Sources */,
				6793361B1FAF98A700DA1B5E /* main.cpp in Sources */,
				679336421FAF9E2200DA1B5E /* challenge.cpp in Sources */,
				6793364B1FAF9E6100DA1B5E /* room.cpp in Sources */,
				679336331FAF9D0A00DA1B5E /* player.cpp in Sources */,
				53DE0EED1FD221A300D5027A /* game_engine.cpp in Sources */,
			);
			runOnlyForDeploymentPostprocessing = 0;
		};
/* End PBXSourcesBuildPhase section */

/* Begin XCBuildConfiguration section */
		6793361C1FAF98A700DA1B5E /* Debug */ = {
			isa = XCBuildConfiguration;
			buildSettings = {
				ALWAYS_SEARCH_USER_PATHS = NO;
				CLANG_ANALYZER_NONNULL = YES;
				CLANG_ANALYZER_NUMBER_OBJECT_CONVERSION = YES_AGGRESSIVE;
				CLANG_CXX_LANGUAGE_STANDARD = "gnu++14";
				CLANG_CXX_LIBRARY = "libc++";
				CLANG_ENABLE_MODULES = YES;
				CLANG_ENABLE_OBJC_ARC = YES;
				CLANG_WARN_BLOCK_CAPTURE_AUTORELEASING = YES;
				CLANG_WARN_BOOL_CONVERSION = YES;
				CLANG_WARN_COMMA = YES;
				CLANG_WARN_CONSTANT_CONVERSION = YES;
				CLANG_WARN_DIRECT_OBJC_ISA_USAGE = YES_ERROR;
				CLANG_WARN_DOCUMENTATION_COMMENTS = YES;
				CLANG_WARN_EMPTY_BODY = YES;
				CLANG_WARN_ENUM_CONVERSION = YES;
				CLANG_WARN_INFINITE_RECURSION = YES;
				CLANG_WARN_INT_CONVERSION = YES;
				CLANG_WARN_NON_LITERAL_NULL_CONVERSION = YES;
				CLANG_WARN_OBJC_LITERAL_CONVERSION = YES;
				CLANG_WARN_OBJC_ROOT_CLASS = YES_ERROR;
				CLANG_WARN_RANGE_LOOP_ANALYSIS = YES;
				CLANG_WARN_STRICT_PROTOTYPES = YES;
				CLANG_WARN_SUSPICIOUS_MOVE = YES;
				CLANG_WARN_UNGUARDED_AVAILABILITY = YES_AGGRESSIVE;
				CLANG_WARN_UNREACHABLE_CODE = YES;
				CLANG_WARN__DUPLICATE_METHOD_MATCH = YES;
				CODE_SIGN_IDENTITY = "-";
				COPY_PHASE_STRIP = NO;
				DEBUG_INFORMATION_FORMAT = dwarf;
				ENABLE_STRICT_OBJC_MSGSEND = YES;
				ENABLE_TESTABILITY = YES;
				GCC_C_LANGUAGE_STANDARD = gnu11;
				GCC_DYNAMIC_NO_PIC = NO;
				GCC_NO_COMMON_BLOCKS = YES;
				GCC_OPTIMIZATION_LEVEL = 0;
				GCC_PREPROCESSOR_DEFINITIONS = (
					"DEBUG=1",
					"$(inherited)",
				);
				GCC_WARN_64_TO_32_BIT_CONVERSION = YES;
				GCC_WARN_ABOUT_RETURN_TYPE = YES_ERROR;
				GCC_WARN_UNDECLARED_SELECTOR = YES;
				GCC_WARN_UNINITIALIZED_AUTOS = YES_AGGRESSIVE;
				GCC_WARN_UNUSED_FUNCTION = YES;
				GCC_WARN_UNUSED_VARIABLE = YES;
				MACOSX_DEPLOYMENT_TARGET = 10.13;
				MTL_ENABLE_DEBUG_INFO = YES;
				ONLY_ACTIVE_ARCH = YES;
				SDKROOT = macosx;
			};
			name = Debug;
		};
		6793361D1FAF98A700DA1B5E /* Release */ = {
			isa = XCBuildConfiguration;
			buildSettings = {
				ALWAYS_SEARCH_USER_PATHS = NO;
				CLANG_ANALYZER_NONNULL = YES;
				CLANG_ANALYZER_NUMBER_OBJECT_CONVERSION = YES_AGGRESSIVE;
				CLANG_CXX_LANGUAGE_STANDARD = "gnu++14";
				CLANG_CXX_LIBRARY = "libc++";
				CLANG_ENABLE_MODULES = YES;
				CLANG_ENABLE_OBJC_ARC = YES;
				CLANG_WARN_BLOCK_CAPTURE_AUTORELEASING = YES;
				CLANG_WARN_BOOL_CONVERSION = YES;
				CLANG_WARN_COMMA = YES;
				CLANG_WARN_CONSTANT_CONVERSION = YES;
				CLANG_WARN_DIRECT_OBJC_ISA_USAGE = YES_ERROR;
				CLANG_WARN_DOCUMENTATION_COMMENTS = YES;
				CLANG_WARN_EMPTY_BODY = YES;
				CLANG_WARN_ENUM_CONVERSION = YES;
				CLANG_WARN_INFINITE_RECURSION = YES;
				CLANG_WARN_INT_CONVERSION = YES;
				CLANG_WARN_NON_LITERAL_NULL_CONVERSION = YES;
				CLANG_WARN_OBJC_LITERAL_CONVERSION = YES;
				CLANG_WARN_OBJC_ROOT_CLASS = YES_ERROR;
				CLANG_WARN_RANGE_LOOP_ANALYSIS = YES;
				CLANG_WARN_STRICT_PROTOTYPES = YES;
				CLANG_WARN_SUSPICIOUS_MOVE = YES;
				CLANG_WARN_UNGUARDED_AVAILABILITY = YES_AGGRESSIVE;
				CLANG_WARN_UNREACHABLE_CODE = YES;
				CLANG_WARN__DUPLICATE_METHOD_MATCH = YES;
				CODE_SIGN_IDENTITY = "-";
				COPY_PHASE_STRIP = NO;
				DEBUG_INFORMATION_FORMAT = "dwarf-with-dsym";
				ENABLE_NS_ASSERTIONS = NO;
				ENABLE_STRICT_OBJC_MSGSEND = YES;
				GCC_C_LANGUAGE_STANDARD = gnu11;
				GCC_NO_COMMON_BLOCKS = YES;
				GCC_WARN_64_TO_32_BIT_CONVERSION = YES;
				GCC_WARN_ABOUT_RETURN_TYPE = YES_ERROR;
				GCC_WARN_UNDECLARED_SELECTOR = YES;
				GCC_WARN_UNINITIALIZED_AUTOS = YES_AGGRESSIVE;
				GCC_WARN_UNUSED_FUNCTION = YES;
				GCC_WARN_UNUSED_VARIABLE = YES;
				MACOSX_DEPLOYMENT_TARGET = 10.13;
				MTL_ENABLE_DEBUG_INFO = NO;
				SDKROOT = macosx;
			};
			name = Release;
		};
		6793361F1FAF98A700DA1B5E /* Debug */ = {
			isa = XCBuildConfiguration;
			buildSettings = {
				CODE_SIGN_STYLE = Automatic;
				PRODUCT_NAME = "$(TARGET_NAME)";
			};
			name = Debug;
		};
		679336201FAF98A700DA1B5E /* Release */ = {
			isa = XCBuildConfiguration;
			buildSettings = {
				CODE_SIGN_STYLE = Automatic;
				PRODUCT_NAME = "$(TARGET_NAME)";
			};
			name = Release;
		};
/* End XCBuildConfiguration section */

/* Begin XCConfigurationList section */
		679336121FAF98A700DA1B5E /* Build configuration list for PBXProject "COP3503 Project Group" */ = {
			isa = XCConfigurationList;
			buildConfigurations = (
				6793361C1FAF98A700DA1B5E /* Debug */,
				6793361D1FAF98A700DA1B5E /* Release */,
			);
			defaultConfigurationIsVisible = 0;
			defaultConfigurationName = Release;
		};
		6793361E1FAF98A700DA1B5E /* Build configuration list for PBXNativeTarget "COP3503 Project Group" */ = {
			isa = XCConfigurationList;
			buildConfigurations = (
				6793361F1FAF98A700DA1B5E /* Debug */,
				679336201FAF98A700DA1B5E /* Release */,
			);
			defaultConfigurationIsVisible = 0;
			defaultConfigurationName = Release;
		};
/* End XCConfigurationList section */
	};
	rootObject = 6793360F1FAF98A700DA1B5E /* Project object */;
}
